
Microsoft Visual Studio Solution File, Format Version 12.00
# Visual Studio Version 16
VisualStudioVersion = 16.0.30611.23
MinimumVisualStudioVersion = 10.0.40219.1
Project("{9A19103F-16F7-4668-BE54-9A1E7A4F7556}") = "TDAmeritrade", "TDAmeritrade\TDAmeritrade.csproj", "{42A1F121-8490-4923-B040-B05F05262352}"
EndProject
Project("{9A19103F-16F7-4668-BE54-9A1E7A4F7556}") = "Core", "Core\Core.csproj", "{FE072E57-D786-4104-97B9-7F40269F9D7D}"
EndProject
Project("{9A19103F-16F7-4668-BE54-9A1E7A4F7556}") = "LottoXService", "LottoXService\LottoXService.csproj", "{84D407C0-8931-4574-A4F1-EDABC1BC11DF}"
EndProject
Project("{9A19103F-16F7-4668-BE54-9A1E7A4F7556}") = "RagingBull", "RagingBull\RagingBull.csproj", "{2ADA01E8-AF84-49D1-985A-F9B2A1ED136B}"
EndProject
Project("{FAE04EC0-301F-11D3-BF4B-00C04F79EFBC}") = "AzureOCR", "AzureOCR\AzureOCR.csproj", "{F91C3902-BF71-4676-B5CA-7299ED9077D2}"
EndProject
Global
	GlobalSection(SolutionConfigurationPlatforms) = preSolution
		Debug|Any CPU = Debug|Any CPU
		Release|Any CPU = Release|Any CPU
	EndGlobalSection
	GlobalSection(ProjectConfigurationPlatforms) = postSolution
		{42A1F121-8490-4923-B040-B05F05262352}.Debug|Any CPU.ActiveCfg = Debug|Any CPU
		{42A1F121-8490-4923-B040-B05F05262352}.Debug|Any CPU.Build.0 = Debug|Any CPU
		{42A1F121-8490-4923-B040-B05F05262352}.Release|Any CPU.ActiveCfg = Release|Any CPU
		{42A1F121-8490-4923-B040-B05F05262352}.Release|Any CPU.Build.0 = Release|Any CPU
		{FE072E57-D786-4104-97B9-7F40269F9D7D}.Debug|Any CPU.ActiveCfg = Debug|Any CPU
		{FE072E57-D786-4104-97B9-7F40269F9D7D}.Debug|Any CPU.Build.0 = Debug|Any CPU
		{FE072E57-D786-4104-97B9-7F40269F9D7D}.Release|Any CPU.ActiveCfg = Release|Any CPU
		{FE072E57-D786-4104-97B9-7F40269F9D7D}.Release|Any CPU.Build.0 = Release|Any CPU
		{84D407C0-8931-4574-A4F1-EDABC1BC11DF}.Debug|Any CPU.ActiveCfg = Debug|Any CPU
		{84D407C0-8931-4574-A4F1-EDABC1BC11DF}.Debug|Any CPU.Build.0 = Debug|Any CPU
		{84D407C0-8931-4574-A4F1-EDABC1BC11DF}.Release|Any CPU.ActiveCfg = Release|Any CPU
		{84D407C0-8931-4574-A4F1-EDABC1BC11DF}.Release|Any CPU.Build.0 = Release|Any CPU
		{2ADA01E8-AF84-49D1-985A-F9B2A1ED136B}.Debug|Any CPU.ActiveCfg = Debug|Any CPU
		{2ADA01E8-AF84-49D1-985A-F9B2A1ED136B}.Debug|Any CPU.Build.0 = Debug|Any CPU
		{2ADA01E8-AF84-49D1-985A-F9B2A1ED136B}.Release|Any CPU.ActiveCfg = Release|Any CPU
		{2ADA01E8-AF84-49D1-985A-F9B2A1ED136B}.Release|Any CPU.Build.0 = Release|Any CPU
		{F91C3902-BF71-4676-B5CA-7299ED9077D2}.Debug|Any CPU.ActiveCfg = Debug|Any CPU
		{F91C3902-BF71-4676-B5CA-7299ED9077D2}.Debug|Any CPU.Build.0 = Debug|Any CPU
		{F91C3902-BF71-4676-B5CA-7299ED9077D2}.Release|Any CPU.ActiveCfg = Release|Any CPU
		{F91C3902-BF71-4676-B5CA-7299ED9077D2}.Release|Any CPU.Build.0 = Release|Any CPU
	EndGlobalSection
	GlobalSection(SolutionProperties) = preSolution
		HideSolutionNode = FALSE
	EndGlobalSection
	GlobalSection(ExtensibilityGlobals) = postSolution
		SolutionGuid = {5CB15C29-0B76-446E-AACE-3391725D7D41}
	EndGlobalSection
EndGlobal
